github.com/nickwells/check.mod v1.0.0/go.mod h1:C4rmyucJ3h6uz7FpGE9aGAu95CtEUaNTKfVnLE9Aq5A=
github.com/nickwells/check.mod v1.1.1/go.mod h1:C4rmyucJ3h6uz7FpGE9aGAu95CtEUaNTKfVnLE9Aq5A=
github.com/nickwells/check.mod v1.1.2 h1:Slr/mN/SL+S2lsPQNlHUeXd5EMAULCcDTC1iSHIRJuk=
github.com/nickwells/check.mod v1.1.2/go.mod h1:7MUyCBvcaYtHcZUDb2n2iCU2RmRZk9uyA3vxSJQ7PFw=
github.com/nickwells/filecheck.mod v1.0.1 h1:gwuVOFzstD6dlBvKFNae/CgXmMFcXyFQMh3C/3DPexk=
github.com/nickwells/filecheck.mod v1.0.1/go.mod h1:DOd/zlX1RMHdkK+7PvEQ4qbRVsGH/N7grmVRUE4JW3c=
github.com/nickwells/fileparse.mod v1.1.1 h1:2Ihi8TMEMe0opzkj5H1IJIXiG8iNxvh7EkoXQ4ZvrO4=
github.com/nickwells/fileparse.mod v1.1.1/go.mod h1:ViQ5otpyLnG2wpTmPVG0n+0wKSxMBwQ8/SPIWJY6YpA=
github.com/nickwells/location.mod v1.0.0/go.mod h1:bD+uCBKQGPTKR2A3kDNmxgeb0NlHip2fs89MhgoP6AM=
github.com/nickwells/location.mod v1.0.1 h1:wWX0ZTg+NyaeldYBxDp/9ebEEUeeF+lb/5CBpz5pVM8=
github.com/nickwells/location.mod v1.0.1/go.mod h1:bD+uCBKQGPTKR2A3kDNmxgeb0NlHip2fs89MhgoP6AM=
github.com/nickwells/location.mod v1.1.0 h1:43wrT3cYfSuO3xiZ95rXkvHa3dNbUWe2EvpRFjcNjTU=
github.com/nickwells/location.mod v1.1.0/go.mod h1:bD+uCBKQGPTKR2A3kDNmxgeb0NlHip2fs89MhgoP6AM=
github.com/nickwells/mathutil.mod v1.0.0 h1:q7+b3UzSDvd1N4f/a9KrlRSswefJKkyVchlPWIPt0Z4=
github.com/nickwells/mathutil.mod v1.0.0/go.mod h1:8f0HTkTxNjWEdeuSHUN+cOUvSbzc3SQqI/EbtdY1+MU=
github.com/nickwells/mathutil.mod v1.0.1 h1:O42ihQtRo8ksa/J+RPCqermDxnRKdfY3aiO51i0C1sg=
github.com/nickwells/mathutil.mod v1.0.1/go.mod h1:8f0HTkTxNjWEdeuSHUN+cOUvSbzc3SQqI/EbtdY1+MU=
github.com/nickwells/param.mod v1.0.2 h1:82HAkkctxyiKhQPAABOH3P3khml74fxPXSYC0uXOOnU=
github.com/nickwells/param.mod v1.0.2/go.mod h1:ELPpipg9+0jsrRxN3ausisOfep+c8WMas6ZwRd53WSs=
github.com/nickwells/param.mod/v2 v2.0.0-rc004 h1:S/ay4A8OtNHgZw7cJwijHLO0PmY0U58T1Z4Fmo32gPw=
github.com/nickwells/param.mod/v2 v2.0.0-rc004/go.mod h1:81qNmsKs6XyUeLxhcHupvut1Wm7NGT6ja4rw8b9qNBE=
github.com/nickwells/semver.mod v1.0.0 h1:OzxTCk9GCV+8PY924ZD+DAOZvI1hCc9csra8TSbiOGw=
github.com/nickwells/semver.mod v1.0.0/go.mod h1:SD2/v0/s2ocECcXnTrFl+62E5kr50Ww6mxHHAythYpo=
github.com/nickwells/strdist.mod v1.0.1 h1:1iPgLmXaQdXHTChfyrmqnq66juKTY2ZIgEn7EgPNg94=
github.com/nickwells/strdist.mod v1.0.1/go.mod h1:Wp6GrXBgMzj6uHgZJJqU41TKq6t0tqGcfTXugdkTB50=
github.com/nickwells/testhelper.mod v1.0.0/go.mod h1:wIYxt24+uiOPAaeUZCvJFjuGBE+mbpDXJ82ww6Og0XU=
github.com/nickwells/testhelper.mod v1.0.1/go.mod h1:wIYxt24+uiOPAaeUZCvJFjuGBE+mbpDXJ82ww6Og0XU=
github.com/nickwells/testhelper.mod v1.1.0/go.mod h1:wIYxt24+uiOPAaeUZCvJFjuGBE+mbpDXJ82ww6Og0XU=
