github.com/nickwells/check.mod v1.1.3 h1:Cp7Kjz9VvXZMIowdL3BRzVL8AOa6P4CN8av+wD/XGpM=
github.com/nickwells/check.mod v1.1.3/go.mod h1:7MUyCBvcaYtHcZUDb2n2iCU2RmRZk9uyA3vxSJQ7PFw=
github.com/nickwells/filecheck.mod v1.0.3 h1:YkVcccx0bo7NTest1WqkPS17bctJafRU8NY9YxmvFG8=
github.com/nickwells/filecheck.mod v1.0.3/go.mod h1:e1/LqsjAiA8mqX6gaLQsjtwOOnXh0MrB7S9MVH40ko8=
github.com/nickwells/fileparse.mod v1.1.2 h1:9JMT4YwW6OTFprtqvoEqRT7lF5TTPPwaDcE1k8dPas0=
github.com/nickwells/fileparse.mod v1.1.2/go.mod h1:SChIK4I5YoPGrpQT9hfB9n80cE7VKquVyCvSQ7uueMc=
github.com/nickwells/location.mod v1.2.0 h1:QfoEpUYrGlq1cJhqUBb/7relmB0wxjbxf3mnTj6s88k=
github.com/nickwells/location.mod v1.2.0/go.mod h1:bD+uCBKQGPTKR2A3kDNmxgeb0NlHip2fs89MhgoP6AM=
github.com/nickwells/mathutil.mod v1.0.2 h1:VyD9ZVqzx3Z7Dd4q8yB/ov+EPJuT6EhuQOJYIhernnI=
github.com/nickwells/mathutil.mod v1.0.2/go.mod h1:8f0HTkTxNjWEdeuSHUN+cOUvSbzc3SQqI/EbtdY1+MU=
github.com/nickwells/param.mod/v2 v2.0.0-rc006 h1:Mq0zHgSucfXgCs+OFAQxf44Z1xoLsFFWVVEQy9dX4SM=
github.com/nickwells/param.mod/v2 v2.0.0-rc006/go.mod h1:pP2Np3w0vrgIs7HywDv+gKOxHud3LOfK9RHSfUvu7EU=
github.com/nickwells/semver.mod v1.1.1 h1:RayqkRs5WPepbO7rPbjeNHqn8SZ2WDM2TOe2U8EuGX4=
github.com/nickwells/semver.mod v1.1.1/go.mod h1:lTRHXZHAPYwE+AWHt+bqI9c5pBTiiXaCgiLujWMj79s=
github.com/nickwells/semverparams.mod v1.0.0 h1:ZauI1+Dbo+ajQSUbfjLEJgp+b/kWin6zW4Vcd+17s9Q=
github.com/nickwells/strdist.mod v1.0.3 h1:YRLNkr7cz1v1/YBwRb2FKQTsirYAQ8BnzK8XpV6Xw8g=
github.com/nickwells/strdist.mod v1.0.3/go.mod h1:LptWSU7x3FcfI1CmWsHfak7Nrnmq+eykvgpbPh0AGac=
github.com/nickwells/testhelper.mod v1.1.0 h1:TQZS3zp7oT5RzuiC/W6nmhpwk/omrJvyC04AeytEgQI=
github.com/nickwells/testhelper.mod v1.1.0/go.mod h1:wIYxt24+uiOPAaeUZCvJFjuGBE+mbpDXJ82ww6Og0XU=
